
Microsoft Visual Studio Solution File, Format Version 12.00
# Visual Studio Version 17
VisualStudioVersion = 17.5.002.0
MinimumVisualStudioVersion = 10.0.40219.1
Project("{9A19103F-16F7-4668-BE54-9A1E7A4F7556}") = "MusicAPI", "MusicAPI.csproj", "{9FFCEEC9-37DE-47EC-AD84-FAFAF508FB83}"
EndProject
Global
	GlobalSection(SolutionConfigurationPlatforms) = preSolution
		Debug|Any CPU = Debug|Any CPU
		Release|Any CPU = Release|Any CPU
	EndGlobalSection
	GlobalSection(ProjectConfigurationPlatforms) = postSolution
		{9FFCEEC9-37DE-47EC-AD84-FAFAF508FB83}.Debug|Any CPU.ActiveCfg = Debug|Any CPU
		{9FFCEEC9-37DE-47EC-AD84-FAFAF508FB83}.Debug|Any CPU.Build.0 = Debug|Any CPU
		{9FFCEEC9-37DE-47EC-AD84-FAFAF508FB83}.Release|Any CPU.ActiveCfg = Release|Any CPU
		{9FFCEEC9-37DE-47EC-AD84-FAFAF508FB83}.Release|Any CPU.Build.0 = Release|Any CPU
	EndGlobalSection
	GlobalSection(SolutionProperties) = preSolution
		HideSolutionNode = FALSE
	EndGlobalSection
	GlobalSection(ExtensibilityGlobals) = postSolution
		SolutionGuid = {E3772CB6-A0EE-41FB-95FD-3D2A7D6C04A3}
	EndGlobalSection
EndGlobal
